{
  "name": "app-seo-ai",
  "version": "1.0.0",
  "lockfileVersion": 3,
  "requires": true,
  "packages": {
    "": {
      "name": "app-seo-ai",
      "version": "1.0.0",
      "license": "ISC",
      "dependencies": {
        "cors": "^2.8.5",
        "dotenv": "^16.4.7",
        "express": "^4.21.2",
        "google-ads-api": "^17.1.0-rest-beta",
        "google-auth-library": "^9.15.1",
        "open": "^10.1.0",
        "swagger-jsdoc": "^6.2.8",
        "swagger-ui-express": "^5.0.1"
      },
      "devDependencies": {
        "nodemon": "^3.1.9"
      }
    }
  }
}